
Microsoft Visual Studio Solution File, Format Version 12.00
# Visual Studio Version 17
VisualStudioVersion = 17.10.35013.160
MinimumVisualStudioVersion = 10.0.40219.1
Project("{FAE04EC0-301F-11D3-BF4B-00C04F79EFBC}") = "HotelManagement.Server.API", "HotelManagement.Server.API\HotelManagement.Server.API.csproj", "{B274AF78-DD1F-4A98-AAE0-E71748ADD544}"
EndProject
Global
	GlobalSection(SolutionConfigurationPlatforms) = preSolution
		Debug|Any CPU = Debug|Any CPU
		Release|Any CPU = Release|Any CPU
	EndGlobalSection
	GlobalSection(ProjectConfigurationPlatforms) = postSolution
		{B274AF78-DD1F-4A98-AAE0-E71748ADD544}.Debug|Any CPU.ActiveCfg = Debug|Any CPU
		{B274AF78-DD1F-4A98-AAE0-E71748ADD544}.Debug|Any CPU.Build.0 = Debug|Any CPU
		{B274AF78-DD1F-4A98-AAE0-E71748ADD544}.Release|Any CPU.ActiveCfg = Release|Any CPU
		{B274AF78-DD1F-4A98-AAE0-E71748ADD544}.Release|Any CPU.Build.0 = Release|Any CPU
	EndGlobalSection
	GlobalSection(SolutionProperties) = preSolution
		HideSolutionNode = FALSE
	EndGlobalSection
	GlobalSection(ExtensibilityGlobals) = postSolution
		SolutionGuid = {3918CAF7-48AC-404C-B8CE-E190159E991B}
	EndGlobalSection
EndGlobal
